
Microsoft Visual Studio Solution File, Format Version 12.00
# Visual Studio 15
VisualStudioVersion = 15.0.28307.1082
MinimumVisualStudioVersion = 10.0.40219.1
Project("{8BC9CEB8-8B4A-11D0-8D11-00A0C91BC942}") = "(13)Romenumber", "(13)Romenumber\(13)Romenumber.vcxproj", "{AA5EA362-FAC5-4112-B8F6-557D5AF1A74C}"
EndProject
Global
	GlobalSection(SolutionConfigurationPlatforms) = preSolution
		Debug|x64 = Debug|x64
		Debug|x86 = Debug|x86
		Release|x64 = Release|x64
		Release|x86 = Release|x86
	EndGlobalSection
	GlobalSection(ProjectConfigurationPlatforms) = postSolution
		{AA5EA362-FAC5-4112-B8F6-557D5AF1A74C}.Debug|x64.ActiveCfg = Debug|x64
		{AA5EA362-FAC5-4112-B8F6-557D5AF1A74C}.Debug|x64.Build.0 = Debug|x64
		{AA5EA362-FAC5-4112-B8F6-557D5AF1A74C}.Debug|x86.ActiveCfg = Debug|Win32
		{AA5EA362-FAC5-4112-B8F6-557D5AF1A74C}.Debug|x86.Build.0 = Debug|Win32
		{AA5EA362-FAC5-4112-B8F6-557D5AF1A74C}.Release|x64.ActiveCfg = Release|x64
		{AA5EA362-FAC5-4112-B8F6-557D5AF1A74C}.Release|x64.Build.0 = Release|x64
		{AA5EA362-FAC5-4112-B8F6-557D5AF1A74C}.Release|x86.ActiveCfg = Release|Win32
		{AA5EA362-FAC5-4112-B8F6-557D5AF1A74C}.Release|x86.Build.0 = Release|Win32
	EndGlobalSection
	GlobalSection(SolutionProperties) = preSolution
		HideSolutionNode = FALSE
	EndGlobalSection
	GlobalSection(ExtensibilityGlobals) = postSolution
		SolutionGuid = {9BFA4BC1-E4B3-4C04-9D04-2C489CBFBDCD}
	EndGlobalSection
EndGlobal
