
Microsoft Visual Studio Solution File, Format Version 12.00
# Visual Studio 15
VisualStudioVersion = 15.0.28307.1082
MinimumVisualStudioVersion = 10.0.40219.1
Project("{8BC9CEB8-8B4A-11D0-8D11-00A0C91BC942}") = "ConsoleApplication1", "ConsoleApplication1\ConsoleApplication1.vcxproj", "{8AD78B1C-38B3-462C-84AC-02EC451A720A}"
EndProject
Global
	GlobalSection(SolutionConfigurationPlatforms) = preSolution
		Debug|x64 = Debug|x64
		Debug|x86 = Debug|x86
		Release|x64 = Release|x64
		Release|x86 = Release|x86
	EndGlobalSection
	GlobalSection(ProjectConfigurationPlatforms) = postSolution
		{8AD78B1C-38B3-462C-84AC-02EC451A720A}.Debug|x64.ActiveCfg = Debug|x64
		{8AD78B1C-38B3-462C-84AC-02EC451A720A}.Debug|x64.Build.0 = Debug|x64
		{8AD78B1C-38B3-462C-84AC-02EC451A720A}.Debug|x86.ActiveCfg = Debug|Win32
		{8AD78B1C-38B3-462C-84AC-02EC451A720A}.Debug|x86.Build.0 = Debug|Win32
		{8AD78B1C-38B3-462C-84AC-02EC451A720A}.Release|x64.ActiveCfg = Release|x64
		{8AD78B1C-38B3-462C-84AC-02EC451A720A}.Release|x64.Build.0 = Release|x64
		{8AD78B1C-38B3-462C-84AC-02EC451A720A}.Release|x86.ActiveCfg = Release|Win32
		{8AD78B1C-38B3-462C-84AC-02EC451A720A}.Release|x86.Build.0 = Release|Win32
	EndGlobalSection
	GlobalSection(SolutionProperties) = preSolution
		HideSolutionNode = FALSE
	EndGlobalSection
	GlobalSection(ExtensibilityGlobals) = postSolution
		SolutionGuid = {424E183E-D8E1-46DA-AEE7-1D47BA7BDCE3}
	EndGlobalSection
EndGlobal
